
Microsoft Visual Studio Solution File, Format Version 12.00
Project("{FAE04EC0-301F-11D3-BF4B-00C04F79EFBC}") = "ScrumTeamService", "ScrumTeamService\ScrumTeamService.csproj", "{06EBB83A-EE85-410D-A620-2026C7D6D15F}"
EndProject
Global
	GlobalSection(SolutionConfigurationPlatforms) = preSolution
		Debug|Any CPU = Debug|Any CPU
		Release|Any CPU = Release|Any CPU
	EndGlobalSection
	GlobalSection(ProjectConfigurationPlatforms) = postSolution
		{06EBB83A-EE85-410D-A620-2026C7D6D15F}.Debug|Any CPU.ActiveCfg = Debug|Any CPU
		{06EBB83A-EE85-410D-A620-2026C7D6D15F}.Debug|Any CPU.Build.0 = Debug|Any CPU
		{06EBB83A-EE85-410D-A620-2026C7D6D15F}.Release|Any CPU.ActiveCfg = Release|Any CPU
		{06EBB83A-EE85-410D-A620-2026C7D6D15F}.Release|Any CPU.Build.0 = Release|Any CPU
	EndGlobalSection
EndGlobal
